
Microsoft Visual Studio Solution File, Format Version 12.00
Project("{FAE04EC0-301F-11D3-BF4B-00C04F79EFBC}") = "PS2_api", "PS2_api\PS2_api.csproj", "{F1F62C55-5D8C-48B3-8165-A6B8C2F2A067}"
EndProject
Global
	GlobalSection(SolutionConfigurationPlatforms) = preSolution
		Debug|Any CPU = Debug|Any CPU
		Release|Any CPU = Release|Any CPU
	EndGlobalSection
	GlobalSection(ProjectConfigurationPlatforms) = postSolution
		{F1F62C55-5D8C-48B3-8165-A6B8C2F2A067}.Debug|Any CPU.ActiveCfg = Debug|Any CPU
		{F1F62C55-5D8C-48B3-8165-A6B8C2F2A067}.Debug|Any CPU.Build.0 = Debug|Any CPU
		{F1F62C55-5D8C-48B3-8165-A6B8C2F2A067}.Release|Any CPU.ActiveCfg = Release|Any CPU
		{F1F62C55-5D8C-48B3-8165-A6B8C2F2A067}.Release|Any CPU.Build.0 = Release|Any CPU
	EndGlobalSection
EndGlobal
