
Microsoft Visual Studio Solution File, Format Version 12.00
Project("{FAE04EC0-301F-11D3-BF4B-00C04F79EFBC}") = "endava", "endava\endava.csproj", "{EDA840C9-80DA-4B8F-8714-C3EF76E9BE4D}"
EndProject
Global
	GlobalSection(SolutionConfigurationPlatforms) = preSolution
		Debug|Any CPU = Debug|Any CPU
		Release|Any CPU = Release|Any CPU
	EndGlobalSection
	GlobalSection(ProjectConfigurationPlatforms) = postSolution
		{EDA840C9-80DA-4B8F-8714-C3EF76E9BE4D}.Debug|Any CPU.ActiveCfg = Debug|Any CPU
		{EDA840C9-80DA-4B8F-8714-C3EF76E9BE4D}.Debug|Any CPU.Build.0 = Debug|Any CPU
		{EDA840C9-80DA-4B8F-8714-C3EF76E9BE4D}.Release|Any CPU.ActiveCfg = Release|Any CPU
		{EDA840C9-80DA-4B8F-8714-C3EF76E9BE4D}.Release|Any CPU.Build.0 = Release|Any CPU
	EndGlobalSection
EndGlobal
